
Microsoft Visual Studio Solution File, Format Version 12.00
# Visual Studio Version 16
VisualStudioVersion = 16.0.31410.357
MinimumVisualStudioVersion = 10.0.40219.1
Project("{FAE04EC0-301F-11D3-BF4B-00C04F79EFBC}") = "TryGithub", "TryGithub\TryGithub.csproj", "{BEDE6FDC-310B-4FAD-AC2A-603CE0014C41}"
EndProject
Global
	GlobalSection(SolutionConfigurationPlatforms) = preSolution
		Debug|Any CPU = Debug|Any CPU
		Release|Any CPU = Release|Any CPU
	EndGlobalSection
	GlobalSection(ProjectConfigurationPlatforms) = postSolution
		{BEDE6FDC-310B-4FAD-AC2A-603CE0014C41}.Debug|Any CPU.ActiveCfg = Debug|Any CPU
		{BEDE6FDC-310B-4FAD-AC2A-603CE0014C41}.Debug|Any CPU.Build.0 = Debug|Any CPU
		{BEDE6FDC-310B-4FAD-AC2A-603CE0014C41}.Release|Any CPU.ActiveCfg = Release|Any CPU
		{BEDE6FDC-310B-4FAD-AC2A-603CE0014C41}.Release|Any CPU.Build.0 = Release|Any CPU
	EndGlobalSection
	GlobalSection(SolutionProperties) = preSolution
		HideSolutionNode = FALSE
	EndGlobalSection
	GlobalSection(ExtensibilityGlobals) = postSolution
		SolutionGuid = {1630F40A-2618-4F32-AEC5-B9E9C2664282}
	EndGlobalSection
EndGlobal
