
Microsoft Visual Studio Solution File, Format Version 12.00
# Visual Studio Version 16
VisualStudioVersion = 16.0.31410.357
MinimumVisualStudioVersion = 10.0.40219.1
Project("{FAE04EC0-301F-11D3-BF4B-00C04F79EFBC}") = "AccountingNote.DBSource", "AccountingNote.DBSource\AccountingNote.DBSource.csproj", "{6414F918-B950-4ECD-8094-32EAF3570D49}"
EndProject
Project("{FAE04EC0-301F-11D3-BF4B-00C04F79EFBC}") = "1", "AccountingNote\1.csproj", "{88DE1C13-D491-405B-BF43-1CAA57ABF55B}"
EndProject
Project("{FAE04EC0-301F-11D3-BF4B-00C04F79EFBC}") = "AccountingNote.Auth", "AccountingNote.Auth\AccountingNote.Auth.csproj", "{DCCFE456-77B5-4EFF-8543-0F4A604F5559}"
EndProject
Global
	GlobalSection(SolutionConfigurationPlatforms) = preSolution
		Debug|Any CPU = Debug|Any CPU
		Release|Any CPU = Release|Any CPU
	EndGlobalSection
	GlobalSection(ProjectConfigurationPlatforms) = postSolution
		{6414F918-B950-4ECD-8094-32EAF3570D49}.Debug|Any CPU.ActiveCfg = Debug|Any CPU
		{6414F918-B950-4ECD-8094-32EAF3570D49}.Debug|Any CPU.Build.0 = Debug|Any CPU
		{6414F918-B950-4ECD-8094-32EAF3570D49}.Release|Any CPU.ActiveCfg = Release|Any CPU
		{6414F918-B950-4ECD-8094-32EAF3570D49}.Release|Any CPU.Build.0 = Release|Any CPU
		{88DE1C13-D491-405B-BF43-1CAA57ABF55B}.Debug|Any CPU.ActiveCfg = Debug|Any CPU
		{88DE1C13-D491-405B-BF43-1CAA57ABF55B}.Debug|Any CPU.Build.0 = Debug|Any CPU
		{88DE1C13-D491-405B-BF43-1CAA57ABF55B}.Release|Any CPU.ActiveCfg = Release|Any CPU
		{88DE1C13-D491-405B-BF43-1CAA57ABF55B}.Release|Any CPU.Build.0 = Release|Any CPU
		{DCCFE456-77B5-4EFF-8543-0F4A604F5559}.Debug|Any CPU.ActiveCfg = Debug|Any CPU
		{DCCFE456-77B5-4EFF-8543-0F4A604F5559}.Debug|Any CPU.Build.0 = Debug|Any CPU
		{DCCFE456-77B5-4EFF-8543-0F4A604F5559}.Release|Any CPU.ActiveCfg = Release|Any CPU
		{DCCFE456-77B5-4EFF-8543-0F4A604F5559}.Release|Any CPU.Build.0 = Release|Any CPU
	EndGlobalSection
	GlobalSection(SolutionProperties) = preSolution
		HideSolutionNode = FALSE
	EndGlobalSection
	GlobalSection(ExtensibilityGlobals) = postSolution
		SolutionGuid = {56536A82-0C04-4699-B93F-5A90A36D3150}
	EndGlobalSection
EndGlobal
